// !$*UTF8*$!
{
	archiveVersion = 1;
	classes = {
	};
	objectVersion = 46;
	objects = {

/* Begin PBXBuildFile section */
		A35A6EFE1BE2B1E0000834F3 /* main.m in Sources */ = {isa = PBXBuildFile; fileRef = A35A6EFD1BE2B1E0000834F3 /* main.m */; };
		A35A6F011BE2B1E0000834F3 /* AppDelegate.m in Sources */ = {isa = PBXBuildFile; fileRef = A35A6F001BE2B1E0000834F3 /* AppDelegate.m */; };
		A35A6F041BE2B1E0000834F3 /* ViewController.m in Sources */ = {isa = PBXBuildFile; fileRef = A35A6F031BE2B1E0000834F3 /* ViewController.m */; };
		A35A6F071BE2B1E0000834F3 /* Main.storyboard in Resources */ = {isa = PBXBuildFile; fileRef = A35A6F051BE2B1E0000834F3 /* Main.storyboard */; };
		A35A6F091BE2B1E0000834F3 /* Assets.xcassets in Resources */ = {isa = PBXBuildFile; fileRef = A35A6F081BE2B1E0000834F3 /* Assets.xcassets */; };
		A35A6F0C1BE2B1E0000834F3 /* LaunchScreen.storyboard in Resources */ = {isa = PBXBuildFile; fileRef = A35A6F0A1BE2B1E0000834F3 /* LaunchScreen.storyboard */; };
		A39C28061BE2DB9B00770010 /* ALVImageManager.m in Sources */ = {isa = PBXBuildFile; fileRef = A39C28051BE2DB9B00770010 /* ALVImageManager.m */; settings = {ASSET_TAGS = (); }; };
		A39C280A1BE2DC2000770010 /* ALVImgurImage.m in Sources */ = {isa = PBXBuildFile; fileRef = A39C28091BE2DC2000770010 /* ALVImgurImage.m */; settings = {ASSET_TAGS = (); }; };
		A39C280D1BE2DD4E00770010 /* NSDictionary+ALVAdditions.m in Sources */ = {isa = PBXBuildFile; fileRef = A39C280C1BE2DD4E00770010 /* NSDictionary+ALVAdditions.m */; settings = {ASSET_TAGS = (); }; };
		A39C28131BE2E41E00770010 /* ALVDelegateInterceptor.m in Sources */ = {isa = PBXBuildFile; fileRef = A39C28121BE2E41E00770010 /* ALVDelegateInterceptor.m */; settings = {ASSET_TAGS = (); }; };
		A39C28191BE2E97700770010 /* ALVSearchBar.m in Sources */ = {isa = PBXBuildFile; fileRef = A39C28181BE2E97700770010 /* ALVSearchBar.m */; settings = {ASSET_TAGS = (); }; };
		A39C281C1BE2F62600770010 /* ALVImgurImageCell.m in Sources */ = {isa = PBXBuildFile; fileRef = A39C281B1BE2F62600770010 /* ALVImgurImageCell.m */; settings = {ASSET_TAGS = (); }; };
		A39C281F1BE34DA400770010 /* MWPhotoBrowser+ALVAdditions.m in Sources */ = {isa = PBXBuildFile; fileRef = A39C281E1BE34DA400770010 /* MWPhotoBrowser+ALVAdditions.m */; settings = {ASSET_TAGS = (); }; };
		A39C28221BE360C200770010 /* fieldwireLogo.jpg in Resources */ = {isa = PBXBuildFile; fileRef = A39C28211BE360C200770010 /* fieldwireLogo.jpg */; settings = {ASSET_TAGS = (); }; };
		A39C28251BE36DC700770010 /* ALVRecentSearchCell.m in Sources */ = {isa = PBXBuildFile; fileRef = A39C28241BE36DC700770010 /* ALVRecentSearchCell.m */; settings = {ASSET_TAGS = (); }; };
		A3A78B441BE2C6F300306D97 /* Environments.plist in Resources */ = {isa = PBXBuildFile; fileRef = A3A78B431BE2C6F300306D97 /* Environments.plist */; settings = {ASSET_TAGS = (); }; };
		A3A78B471BE2C77400306D97 /* ALVNetworkInterface.m in Sources */ = {isa = PBXBuildFile; fileRef = A3A78B461BE2C77400306D97 /* ALVNetworkInterface.m */; settings = {ASSET_TAGS = (); }; };
		A3B808191BE2B4B70071A0BA /* ALVView.m in Sources */ = {isa = PBXBuildFile; fileRef = A3B808181BE2B4B70071A0BA /* ALVView.m */; settings = {ASSET_TAGS = (); }; };
		A3B8081C1BE2B4D30071A0BA /* NSObject+ALVAdditions.m in Sources */ = {isa = PBXBuildFile; fileRef = A3B8081B1BE2B4D30071A0BA /* NSObject+ALVAdditions.m */; settings = {ASSET_TAGS = (); }; };
		A3B8081F1BE2B4F70071A0BA /* UIView+ALVAdditions.m in Sources */ = {isa = PBXBuildFile; fileRef = A3B8081E1BE2B4F70071A0BA /* UIView+ALVAdditions.m */; settings = {ASSET_TAGS = (); }; };
		A3B808221BE2B5630071A0BA /* ALVCollectionView.m in Sources */ = {isa = PBXBuildFile; fileRef = A3B808211BE2B5630071A0BA /* ALVCollectionView.m */; settings = {ASSET_TAGS = (); }; };
		A3B808281BE2B6AF0071A0BA /* ALVGlobals.m in Sources */ = {isa = PBXBuildFile; fileRef = A3B808271BE2B6AF0071A0BA /* ALVGlobals.m */; settings = {ASSET_TAGS = (); }; };
		B3D5728779CC5BCE09299286 /* libPods.a in Frameworks */ = {isa = PBXBuildFile; fileRef = D35071BAAB97B9AA141BE30B /* libPods.a */; };
/* End PBXBuildFile section */

/* Begin PBXFileReference section */
		8B593EFFBB37B7DCA511E18C /* Pods.release.xcconfig */ = {isa = PBXFileReference; includeInIndex = 1; lastKnownFileType = text.xcconfig; name = Pods.release.xcconfig; path = "Pods/Target Support Files/Pods/Pods.release.xcconfig"; sourceTree = "<group>"; };
		A35A6EF91BE2B1E0000834F3 /* FieldwireImageSearch.app */ = {isa = PBXFileReference; explicitFileType = wrapper.application; includeInIndex = 0; path = FieldwireImageSearch.app; sourceTree = BUILT_PRODUCTS_DIR; };
		A35A6EFD1BE2B1E0000834F3 /* main.m */ = {isa = PBXFileReference; lastKnownFileType = sourcecode.c.objc; path = main.m; sourceTree = "<group>"; };
		A35A6EFF1BE2B1E0000834F3 /* AppDelegate.h */ = {isa = PBXFileReference; lastKnownFileType = sourcecode.c.h; path = AppDelegate.h; sourceTree = "<group>"; };
		A35A6F001BE2B1E0000834F3 /* AppDelegate.m */ = {isa = PBXFileReference; lastKnownFileType = sourcecode.c.objc; path = AppDelegate.m; sourceTree = "<group>"; };
		A35A6F021BE2B1E0000834F3 /* ViewController.h */ = {isa = PBXFileReference; lastKnownFileType = sourcecode.c.h; path = ViewController.h; sourceTree = "<group>"; };
		A35A6F031BE2B1E0000834F3 /* ViewController.m */ = {isa = PBXFileReference; lastKnownFileType = sourcecode.c.objc; path = ViewController.m; sourceTree = "<group>"; };
		A35A6F061BE2B1E0000834F3 /* Base */ = {isa = PBXFileReference; lastKnownFileType = file.storyboard; name = Base; path = Base.lproj/Main.storyboard; sourceTree = "<group>"; };
		A35A6F081BE2B1E0000834F3 /* Assets.xcassets */ = {isa = PBXFileReference; lastKnownFileType = folder.assetcatalog; path = Assets.xcassets; sourceTree = "<group>"; };
		A35A6F0B1BE2B1E0000834F3 /* Base */ = {isa = PBXFileReference; lastKnownFileType = file.storyboard; name = Base; path = Base.lproj/LaunchScreen.storyboard; sourceTree = "<group>"; };
		A35A6F0D1BE2B1E0000834F3 /* Info.plist */ = {isa = PBXFileReference; lastKnownFileType = text.plist.xml; path = Info.plist; sourceTree = "<group>"; };
		A39C28041BE2DB9B00770010 /* ALVImageManager.h */ = {isa = PBXFileReference; fileEncoding = 4; lastKnownFileType = sourcecode.c.h; path = ALVImageManager.h; sourceTree = "<group>"; };
		A39C28051BE2DB9B00770010 /* ALVImageManager.m */ = {isa = PBXFileReference; fileEncoding = 4; lastKnownFileType = sourcecode.c.objc; path = ALVImageManager.m; sourceTree = "<group>"; };
		A39C28081BE2DC2000770010 /* ALVImgurImage.h */ = {isa = PBXFileReference; fileEncoding = 4; lastKnownFileType = sourcecode.c.h; path = ALVImgurImage.h; sourceTree = "<group>"; };
		A39C28091BE2DC2000770010 /* ALVImgurImage.m */ = {isa = PBXFileReference; fileEncoding = 4; lastKnownFileType = sourcecode.c.objc; path = ALVImgurImage.m; sourceTree = "<group>"; };
		A39C280B1BE2DD4E00770010 /* NSDictionary+ALVAdditions.h */ = {isa = PBXFileReference; fileEncoding = 4; lastKnownFileType = sourcecode.c.h; path = "NSDictionary+ALVAdditions.h"; sourceTree = "<group>"; };
		A39C280C1BE2DD4E00770010 /* NSDictionary+ALVAdditions.m */ = {isa = PBXFileReference; fileEncoding = 4; lastKnownFileType = sourcecode.c.objc; path = "NSDictionary+ALVAdditions.m"; sourceTree = "<group>"; };
		A39C28111BE2E41E00770010 /* ALVDelegateInterceptor.h */ = {isa = PBXFileReference; fileEncoding = 4; lastKnownFileType = sourcecode.c.h; path = ALVDelegateInterceptor.h; sourceTree = "<group>"; };
		A39C28121BE2E41E00770010 /* ALVDelegateInterceptor.m */ = {isa = PBXFileReference; fileEncoding = 4; lastKnownFileType = sourcecode.c.objc; path = ALVDelegateInterceptor.m; sourceTree = "<group>"; };
		A39C28171BE2E97700770010 /* ALVSearchBar.h */ = {isa = PBXFileReference; fileEncoding = 4; lastKnownFileType = sourcecode.c.h; path = ALVSearchBar.h; sourceTree = "<group>"; };
		A39C28181BE2E97700770010 /* ALVSearchBar.m */ = {isa = PBXFileReference; fileEncoding = 4; lastKnownFileType = sourcecode.c.objc; path = ALVSearchBar.m; sourceTree = "<group>"; };
		A39C281A1BE2F62600770010 /* ALVImgurImageCell.h */ = {isa = PBXFileReference; fileEncoding = 4; lastKnownFileType = sourcecode.c.h; path = ALVImgurImageCell.h; sourceTree = "<group>"; };
		A39C281B1BE2F62600770010 /* ALVImgurImageCell.m */ = {isa = PBXFileReference; fileEncoding = 4; lastKnownFileType = sourcecode.c.objc; path = ALVImgurImageCell.m; sourceTree = "<group>"; };
		A39C281D1BE34DA400770010 /* MWPhotoBrowser+ALVAdditions.h */ = {isa = PBXFileReference; fileEncoding = 4; lastKnownFileType = sourcecode.c.h; path = "MWPhotoBrowser+ALVAdditions.h"; sourceTree = "<group>"; };
		A39C281E1BE34DA400770010 /* MWPhotoBrowser+ALVAdditions.m */ = {isa = PBXFileReference; fileEncoding = 4; lastKnownFileType = sourcecode.c.objc; path = "MWPhotoBrowser+ALVAdditions.m"; sourceTree = "<group>"; };
		A39C28211BE360C200770010 /* fieldwireLogo.jpg */ = {isa = PBXFileReference; lastKnownFileType = image.jpeg; path = fieldwireLogo.jpg; sourceTree = "<group>"; };
		A39C28231BE36DC700770010 /* ALVRecentSearchCell.h */ = {isa = PBXFileReference; fileEncoding = 4; lastKnownFileType = sourcecode.c.h; path = ALVRecentSearchCell.h; sourceTree = "<group>"; };
		A39C28241BE36DC700770010 /* ALVRecentSearchCell.m */ = {isa = PBXFileReference; fileEncoding = 4; lastKnownFileType = sourcecode.c.objc; path = ALVRecentSearchCell.m; sourceTree = "<group>"; };
		A3A78B431BE2C6F300306D97 /* Environments.plist */ = {isa = PBXFileReference; fileEncoding = 4; lastKnownFileType = text.plist.xml; path = Environments.plist; sourceTree = "<group>"; };
		A3A78B451BE2C77400306D97 /* ALVNetworkInterface.h */ = {isa = PBXFileReference; fileEncoding = 4; lastKnownFileType = sourcecode.c.h; path = ALVNetworkInterface.h; sourceTree = "<group>"; };
		A3A78B461BE2C77400306D97 /* ALVNetworkInterface.m */ = {isa = PBXFileReference; fileEncoding = 4; lastKnownFileType = sourcecode.c.objc; path = ALVNetworkInterface.m; sourceTree = "<group>"; };
		A3B808171BE2B4B70071A0BA /* ALVView.h */ = {isa = PBXFileReference; fileEncoding = 4; lastKnownFileType = sourcecode.c.h; path = ALVView.h; sourceTree = "<group>"; };
		A3B808181BE2B4B70071A0BA /* ALVView.m */ = {isa = PBXFileReference; fileEncoding = 4; lastKnownFileType = sourcecode.c.objc; path = ALVView.m; sourceTree = "<group>"; };
		A3B8081A1BE2B4D30071A0BA /* NSObject+ALVAdditions.h */ = {isa = PBXFileReference; fileEncoding = 4; lastKnownFileType = sourcecode.c.h; path = "NSObject+ALVAdditions.h"; sourceTree = "<group>"; };
		A3B8081B1BE2B4D30071A0BA /* NSObject+ALVAdditions.m */ = {isa = PBXFileReference; fileEncoding = 4; lastKnownFileType = sourcecode.c.objc; path = "NSObject+ALVAdditions.m"; sourceTree = "<group>"; };
		A3B8081D1BE2B4F70071A0BA /* UIView+ALVAdditions.h */ = {isa = PBXFileReference; fileEncoding = 4; lastKnownFileType = sourcecode.c.h; path = "UIView+ALVAdditions.h"; sourceTree = "<group>"; };
		A3B8081E1BE2B4F70071A0BA /* UIView+ALVAdditions.m */ = {isa = PBXFileReference; fileEncoding = 4; lastKnownFileType = sourcecode.c.objc; path = "UIView+ALVAdditions.m"; sourceTree = "<group>"; };
		A3B808201BE2B5630071A0BA /* ALVCollectionView.h */ = {isa = PBXFileReference; fileEncoding = 4; lastKnownFileType = sourcecode.c.h; path = ALVCollectionView.h; sourceTree = "<group>"; };
		A3B808211BE2B5630071A0BA /* ALVCollectionView.m */ = {isa = PBXFileReference; fileEncoding = 4; lastKnownFileType = sourcecode.c.objc; path = ALVCollectionView.m; sourceTree = "<group>"; };
		A3B808261BE2B6AF0071A0BA /* ALVGlobals.h */ = {isa = PBXFileReference; fileEncoding = 4; lastKnownFileType = sourcecode.c.h; path = ALVGlobals.h; sourceTree = "<group>"; };
		A3B808271BE2B6AF0071A0BA /* ALVGlobals.m */ = {isa = PBXFileReference; fileEncoding = 4; lastKnownFileType = sourcecode.c.objc; path = ALVGlobals.m; sourceTree = "<group>"; };
		A3B808291BE2B7830071A0BA /* FieldwireImageSearch-Prefix.pch */ = {isa = PBXFileReference; fileEncoding = 4; lastKnownFileType = sourcecode.c.h; path = "FieldwireImageSearch-Prefix.pch"; sourceTree = "<group>"; };
		A73D4019B129B093928023F6 /* Pods.debug.xcconfig */ = {isa = PBXFileReference; includeInIndex = 1; lastKnownFileType = text.xcconfig; name = Pods.debug.xcconfig; path = "Pods/Target Support Files/Pods/Pods.debug.xcconfig"; sourceTree = "<group>"; };
		D35071BAAB97B9AA141BE30B /* libPods.a */ = {isa = PBXFileReference; explicitFileType = archive.ar; includeInIndex = 0; path = libPods.a; sourceTree = BUILT_PRODUCTS_DIR; };
/* End PBXFileReference section */

/* Begin PBXFrameworksBuildPhase section */
		A35A6EF61BE2B1E0000834F3 /* Frameworks */ = {
			isa = PBXFrameworksBuildPhase;
			buildActionMask = 2147483647;
			files = (
				B3D5728779CC5BCE09299286 /* libPods.a in Frameworks */,
			);
			runOnlyForDeploymentPostprocessing = 0;
		};
/* End PBXFrameworksBuildPhase section */

/* Begin PBXGroup section */
		3B6C7DB9D9F8C52BD0887487 /* Frameworks */ = {
			isa = PBXGroup;
			children = (
				D35071BAAB97B9AA141BE30B /* libPods.a */,
			);
			name = Frameworks;
			sourceTree = "<group>";
		};
		4331AC1024E45D48696317DB /* Pods */ = {
			isa = PBXGroup;
			children = (
				A73D4019B129B093928023F6 /* Pods.debug.xcconfig */,
				8B593EFFBB37B7DCA511E18C /* Pods.release.xcconfig */,
			);
			name = Pods;
			sourceTree = "<group>";
		};
		A35A6EF01BE2B1E0000834F3 = {
			isa = PBXGroup;
			children = (
				A35A6EFB1BE2B1E0000834F3 /* FieldwireImageSearch */,
				A35A6EFA1BE2B1E0000834F3 /* Products */,
				4331AC1024E45D48696317DB /* Pods */,
				3B6C7DB9D9F8C52BD0887487 /* Frameworks */,
			);
			sourceTree = "<group>";
		};
		A35A6EFA1BE2B1E0000834F3 /* Products */ = {
			isa = PBXGroup;
			children = (
				A35A6EF91BE2B1E0000834F3 /* FieldwireImageSearch.app */,
			);
			name = Products;
			sourceTree = "<group>";
		};
		A35A6EFB1BE2B1E0000834F3 /* FieldwireImageSearch */ = {
			isa = PBXGroup;
			children = (
				A39C28201BE3605B00770010 /* Assets */,
				A3B808161BE2B4890071A0BA /* Categories */,
				A39C28071BE2DC0200770010 /* Models */,
				A3B808151BE2B47A0071A0BA /* Views */,
				A35A6EFF1BE2B1E0000834F3 /* AppDelegate.h */,
				A35A6F001BE2B1E0000834F3 /* AppDelegate.m */,
				A35A6F021BE2B1E0000834F3 /* ViewController.h */,
				A35A6F031BE2B1E0000834F3 /* ViewController.m */,
				A3B808261BE2B6AF0071A0BA /* ALVGlobals.h */,
				A3B808271BE2B6AF0071A0BA /* ALVGlobals.m */,
				A39C28041BE2DB9B00770010 /* ALVImageManager.h */,
				A39C28051BE2DB9B00770010 /* ALVImageManager.m */,
				A35A6F051BE2B1E0000834F3 /* Main.storyboard */,
				A3B808291BE2B7830071A0BA /* FieldwireImageSearch-Prefix.pch */,
				A35A6F081BE2B1E0000834F3 /* Assets.xcassets */,
				A35A6F0A1BE2B1E0000834F3 /* LaunchScreen.storyboard */,
				A35A6F0D1BE2B1E0000834F3 /* Info.plist */,
				A3A78B431BE2C6F300306D97 /* Environments.plist */,
				A3A78B451BE2C77400306D97 /* ALVNetworkInterface.h */,
				A3A78B461BE2C77400306D97 /* ALVNetworkInterface.m */,
				A35A6EFC1BE2B1E0000834F3 /* Supporting Files */,
			);
			path = FieldwireImageSearch;
			sourceTree = "<group>";
		};
		A35A6EFC1BE2B1E0000834F3 /* Supporting Files */ = {
			isa = PBXGroup;
			children = (
				A35A6EFD1BE2B1E0000834F3 /* main.m */,
			);
			name = "Supporting Files";
			sourceTree = "<group>";
		};
		A39C28071BE2DC0200770010 /* Models */ = {
			isa = PBXGroup;
			children = (
				A39C28111BE2E41E00770010 /* ALVDelegateInterceptor.h */,
				A39C28121BE2E41E00770010 /* ALVDelegateInterceptor.m */,
				A39C28081BE2DC2000770010 /* ALVImgurImage.h */,
				A39C28091BE2DC2000770010 /* ALVImgurImage.m */,
			);
			name = Models;
			sourceTree = "<group>";
		};
		A39C28201BE3605B00770010 /* Assets */ = {
			isa = PBXGroup;
			children = (
				A39C28211BE360C200770010 /* fieldwireLogo.jpg */,
			);
			name = Assets;
			sourceTree = "<group>";
		};
		A3B808151BE2B47A0071A0BA /* Views */ = {
			isa = PBXGroup;
			children = (
				A3B808171BE2B4B70071A0BA /* ALVView.h */,
				A3B808181BE2B4B70071A0BA /* ALVView.m */,
				A39C28171BE2E97700770010 /* ALVSearchBar.h */,
				A39C28181BE2E97700770010 /* ALVSearchBar.m */,
				A3B808201BE2B5630071A0BA /* ALVCollectionView.h */,
				A3B808211BE2B5630071A0BA /* ALVCollectionView.m */,
				A39C281A1BE2F62600770010 /* ALVImgurImageCell.h */,
				A39C281B1BE2F62600770010 /* ALVImgurImageCell.m */,
				A39C28231BE36DC700770010 /* ALVRecentSearchCell.h */,
				A39C28241BE36DC700770010 /* ALVRecentSearchCell.m */,
			);
			name = Views;
			sourceTree = "<group>";
		};
		A3B808161BE2B4890071A0BA /* Categories */ = {
			isa = PBXGroup;
			children = (
				A3B8081A1BE2B4D30071A0BA /* NSObject+ALVAdditions.h */,
				A3B8081B1BE2B4D30071A0BA /* NSObject+ALVAdditions.m */,
				A3B8081D1BE2B4F70071A0BA /* UIView+ALVAdditions.h */,
				A3B8081E1BE2B4F70071A0BA /* UIView+ALVAdditions.m */,
				A39C280B1BE2DD4E00770010 /* NSDictionary+ALVAdditions.h */,
				A39C280C1BE2DD4E00770010 /* NSDictionary+ALVAdditions.m */,
				A39C281D1BE34DA400770010 /* MWPhotoBrowser+ALVAdditions.h */,
				A39C281E1BE34DA400770010 /* MWPhotoBrowser+ALVAdditions.m */,
			);
			name = Categories;
			sourceTree = "<group>";
		};
/* End PBXGroup section */

/* Begin PBXNativeTarget section */
		A35A6EF81BE2B1E0000834F3 /* FieldwireImageSearch */ = {
			isa = PBXNativeTarget;
			buildConfigurationList = A35A6F101BE2B1E0000834F3 /* Build configuration list for PBXNativeTarget "FieldwireImageSearch" */;
			buildPhases = (
				0F9C9BFB87010E1646124D11 /* Check Pods Manifest.lock */,
				A35A6EF51BE2B1E0000834F3 /* Sources */,
				A35A6EF61BE2B1E0000834F3 /* Frameworks */,
				A35A6EF71BE2B1E0000834F3 /* Resources */,
				33B81E3F2C9931801594629C /* Embed Pods Frameworks */,
				EE08766553AFACE4D07B7B74 /* Copy Pods Resources */,
			);
			buildRules = (
			);
			dependencies = (
			);
			name = FieldwireImageSearch;
			productName = FieldwireImageSearch;
			productReference = A35A6EF91BE2B1E0000834F3 /* FieldwireImageSearch.app */;
			productType = "com.apple.product-type.application";
		};
/* End PBXNativeTarget section */

/* Begin PBXProject section */
		A35A6EF11BE2B1E0000834F3 /* Project object */ = {
			isa = PBXProject;
			attributes = {
				LastUpgradeCheck = 0700;
				ORGANIZATIONNAME = "Andrew Lopez-Vass";
				TargetAttributes = {
					A35A6EF81BE2B1E0000834F3 = {
						CreatedOnToolsVersion = 7.0.1;
						DevelopmentTeam = FK65T7P72W;
					};
				};
			};
			buildConfigurationList = A35A6EF41BE2B1E0000834F3 /* Build configuration list for PBXProject "FieldwireImageSearch" */;
			compatibilityVersion = "Xcode 3.2";
			developmentRegion = English;
			hasScannedForEncodings = 0;
			knownRegions = (
				en,
				Base,
			);
			mainGroup = A35A6EF01BE2B1E0000834F3;
			productRefGroup = A35A6EFA1BE2B1E0000834F3 /* Products */;
			projectDirPath = "";
			projectRoot = "";
			targets = (
				A35A6EF81BE2B1E0000834F3 /* FieldwireImageSearch */,
			);
		};
/* End PBXProject section */

/* Begin PBXResourcesBuildPhase section */
		A35A6EF71BE2B1E0000834F3 /* Resources */ = {
			isa = PBXResourcesBuildPhase;
			buildActionMask = 2147483647;
			files = (
				A3A78B441BE2C6F300306D97 /* Environments.plist in Resources */,
				A35A6F0C1BE2B1E0000834F3 /* LaunchScreen.storyboard in Resources */,
				A39C28221BE360C200770010 /* fieldwireLogo.jpg in Resources */,
				A35A6F091BE2B1E0000834F3 /* Assets.xcassets in Resources */,
				A35A6F071BE2B1E0000834F3 /* Main.storyboard in Resources */,
			);
			runOnlyForDeploymentPostprocessing = 0;
		};
/* End PBXResourcesBuildPhase section */

/* Begin PBXShellScriptBuildPhase section */
		0F9C9BFB87010E1646124D11 /* Check Pods Manifest.lock */ = {
			isa = PBXShellScriptBuildPhase;
			buildActionMask = 2147483647;
			files = (
			);
			inputPaths = (
			);
			name = "Check Pods Manifest.lock";
			outputPaths = (
			);
			runOnlyForDeploymentPostprocessing = 0;
			shellPath = /bin/sh;
			shellScript = "diff \"${PODS_ROOT}/../Podfile.lock\" \"${PODS_ROOT}/Manifest.lock\" > /dev/null\nif [[ $? != 0 ]] ; then\n    cat << EOM\nerror: The sandbox is not in sync with the Podfile.lock. Run 'pod install' or update your CocoaPods installation.\nEOM\n    exit 1\nfi\n";
			showEnvVarsInLog = 0;
		};
		33B81E3F2C9931801594629C /* Embed Pods Frameworks */ = {
			isa = PBXShellScriptBuildPhase;
			buildActionMask = 2147483647;
			files = (
			);
			inputPaths = (
			);
			name = "Embed Pods Frameworks";
			outputPaths = (
			);
			runOnlyForDeploymentPostprocessing = 0;
			shellPath = /bin/sh;
			shellScript = "\"${SRCROOT}/Pods/Target Support Files/Pods/Pods-frameworks.sh\"\n";
			showEnvVarsInLog = 0;
		};
		EE08766553AFACE4D07B7B74 /* Copy Pods Resources */ = {
			isa = PBXShellScriptBuildPhase;
			buildActionMask = 2147483647;
			files = (
			);
			inputPaths = (
			);
			name = "Copy Pods Resources";
			outputPaths = (
			);
			runOnlyForDeploymentPostprocessing = 0;
			shellPath = /bin/sh;
			shellScript = "\"${SRCROOT}/Pods/Target Support Files/Pods/Pods-resources.sh\"\n";
			showEnvVarsInLog = 0;
		};
/* End PBXShellScriptBuildPhase section */

/* Begin PBXSourcesBuildPhase section */
		A35A6EF51BE2B1E0000834F3 /* Sources */ = {
			isa = PBXSourcesBuildPhase;
			buildActionMask = 2147483647;
			files = (
				A3A78B471BE2C77400306D97 /* ALVNetworkInterface.m in Sources */,
				A3B8081C1BE2B4D30071A0BA /* NSObject+ALVAdditions.m in Sources */,
				A35A6F041BE2B1E0000834F3 /* ViewController.m in Sources */,
				A39C28251BE36DC700770010 /* ALVRecentSearchCell.m in Sources */,
				A3B808221BE2B5630071A0BA /* ALVCollectionView.m in Sources */,
				A3B8081F1BE2B4F70071A0BA /* UIView+ALVAdditions.m in Sources */,
				A39C280D1BE2DD4E00770010 /* NSDictionary+ALVAdditions.m in Sources */,
				A39C28131BE2E41E00770010 /* ALVDelegateInterceptor.m in Sources */,
				A39C281F1BE34DA400770010 /* MWPhotoBrowser+ALVAdditions.m in Sources */,
				A39C28191BE2E97700770010 /* ALVSearchBar.m in Sources */,
				A3B808281BE2B6AF0071A0BA /* ALVGlobals.m in Sources */,
				A35A6F011BE2B1E0000834F3 /* AppDelegate.m in Sources */,
				A39C28061BE2DB9B00770010 /* ALVImageManager.m in Sources */,
				A3B808191BE2B4B70071A0BA /* ALVView.m in Sources */,
				A35A6EFE1BE2B1E0000834F3 /* main.m in Sources */,
				A39C280A1BE2DC2000770010 /* ALVImgurImage.m in Sources */,
				A39C281C1BE2F62600770010 /* ALVImgurImageCell.m in Sources */,
			);
			runOnlyForDeploymentPostprocessing = 0;
		};
/* End PBXSourcesBuildPhase section */

/* Begin PBXVariantGroup section */
		A35A6F051BE2B1E0000834F3 /* Main.storyboard */ = {
			isa = PBXVariantGroup;
			children = (
				A35A6F061BE2B1E0000834F3 /* Base */,
			);
			name = Main.storyboard;
			sourceTree = "<group>";
		};
		A35A6F0A1BE2B1E0000834F3 /* LaunchScreen.storyboard */ = {
			isa = PBXVariantGroup;
			children = (
				A35A6F0B1BE2B1E0000834F3 /* Base */,
			);
			name = LaunchScreen.storyboard;
			sourceTree = "<group>";
		};
/* End PBXVariantGroup section */

/* Begin XCBuildConfiguration section */
		A35A6F0E1BE2B1E0000834F3 /* Debug */ = {
			isa = XCBuildConfiguration;
			buildSettings = {
				ALWAYS_SEARCH_USER_PATHS = NO;
				CLANG_CXX_LANGUAGE_STANDARD = "gnu++0x";
				CLANG_CXX_LIBRARY = "libc++";
				CLANG_ENABLE_MODULES = YES;
				CLANG_ENABLE_OBJC_ARC = YES;
				CLANG_WARN_BOOL_CONVERSION = YES;
				CLANG_WARN_CONSTANT_CONVERSION = YES;
				CLANG_WARN_DIRECT_OBJC_ISA_USAGE = YES_ERROR;
				CLANG_WARN_EMPTY_BODY = YES;
				CLANG_WARN_ENUM_CONVERSION = YES;
				CLANG_WARN_INT_CONVERSION = YES;
				CLANG_WARN_OBJC_ROOT_CLASS = YES_ERROR;
				CLANG_WARN_UNREACHABLE_CODE = YES;
				CLANG_WARN__DUPLICATE_METHOD_MATCH = YES;
				"CODE_SIGN_IDENTITY[sdk=iphoneos*]" = "iPhone Developer";
				COPY_PHASE_STRIP = NO;
				DEBUG_INFORMATION_FORMAT = dwarf;
				ENABLE_STRICT_OBJC_MSGSEND = YES;
				ENABLE_TESTABILITY = YES;
				GCC_C_LANGUAGE_STANDARD = gnu99;
				GCC_DYNAMIC_NO_PIC = NO;
				GCC_NO_COMMON_BLOCKS = YES;
				GCC_OPTIMIZATION_LEVEL = 0;
				GCC_PREPROCESSOR_DEFINITIONS = (
					"DEBUG=1",
					"$(inherited)",
				);
				GCC_WARN_64_TO_32_BIT_CONVERSION = YES;
				GCC_WARN_ABOUT_RETURN_TYPE = YES_ERROR;
				GCC_WARN_UNDECLARED_SELECTOR = YES;
				GCC_WARN_UNINITIALIZED_AUTOS = YES_AGGRESSIVE;
				GCC_WARN_UNUSED_FUNCTION = YES;
				GCC_WARN_UNUSED_VARIABLE = YES;
				IPHONEOS_DEPLOYMENT_TARGET = 9.0;
				MTL_ENABLE_DEBUG_INFO = YES;
				ONLY_ACTIVE_ARCH = YES;
				SDKROOT = iphoneos;
				TARGETED_DEVICE_FAMILY = "1,2";
			};
			name = Debug;
		};
		A35A6F0F1BE2B1E0000834F3 /* Release */ = {
			isa = XCBuildConfiguration;
			buildSettings = {
				ALWAYS_SEARCH_USER_PATHS = NO;
				CLANG_CXX_LANGUAGE_STANDARD = "gnu++0x";
				CLANG_CXX_LIBRARY = "libc++";
				CLANG_ENABLE_MODULES = YES;
				CLANG_ENABLE_OBJC_ARC = YES;
				CLANG_WARN_BOOL_CONVERSION = YES;
				CLANG_WARN_CONSTANT_CONVERSION = YES;
				CLANG_WARN_DIRECT_OBJC_ISA_USAGE = YES_ERROR;
				CLANG_WARN_EMPTY_BODY = YES;
				CLANG_WARN_ENUM_CONVERSION = YES;
				CLANG_WARN_INT_CONVERSION = YES;
				CLANG_WARN_OBJC_ROOT_CLASS = YES_ERROR;
				CLANG_WARN_UNREACHABLE_CODE = YES;
				CLANG_WARN__DUPLICATE_METHOD_MATCH = YES;
				"CODE_SIGN_IDENTITY[sdk=iphoneos*]" = "iPhone Developer";
				COPY_PHASE_STRIP = NO;
				DEBUG_INFORMATION_FORMAT = "dwarf-with-dsym";
				ENABLE_NS_ASSERTIONS = NO;
				ENABLE_STRICT_OBJC_MSGSEND = YES;
				GCC_C_LANGUAGE_STANDARD = gnu99;
				GCC_NO_COMMON_BLOCKS = YES;
				GCC_WARN_64_TO_32_BIT_CONVERSION = YES;
				GCC_WARN_ABOUT_RETURN_TYPE = YES_ERROR;
				GCC_WARN_UNDECLARED_SELECTOR = YES;
				GCC_WARN_UNINITIALIZED_AUTOS = YES_AGGRESSIVE;
				GCC_WARN_UNUSED_FUNCTION = YES;
				GCC_WARN_UNUSED_VARIABLE = YES;
				IPHONEOS_DEPLOYMENT_TARGET = 9.0;
				MTL_ENABLE_DEBUG_INFO = NO;
				SDKROOT = iphoneos;
				TARGETED_DEVICE_FAMILY = "1,2";
				VALIDATE_PRODUCT = YES;
			};
			name = Release;
		};
		A35A6F111BE2B1E0000834F3 /* Debug */ = {
			isa = XCBuildConfiguration;
			baseConfigurationReference = A73D4019B129B093928023F6 /* Pods.debug.xcconfig */;
			buildSettings = {
				ASSETCATALOG_COMPILER_APPICON_NAME = AppIcon;
				ASSETCATALOG_COMPILER_LAUNCHIMAGE_NAME = LaunchImage;
				INFOPLIST_FILE = FieldwireImageSearch/Info.plist;
				IPHONEOS_DEPLOYMENT_TARGET = 8.4;
				LD_RUNPATH_SEARCH_PATHS = "$(inherited) @executable_path/Frameworks";
				PRODUCT_BUNDLE_IDENTIFIER = ALV.FieldwireImageSearch;
				PRODUCT_NAME = "$(TARGET_NAME)";
			};
			name = Debug;
		};
		A35A6F121BE2B1E0000834F3 /* Release */ = {
			isa = XCBuildConfiguration;
			baseConfigurationReference = 8B593EFFBB37B7DCA511E18C /* Pods.release.xcconfig */;
			buildSettings = {
				ASSETCATALOG_COMPILER_APPICON_NAME = AppIcon;
				ASSETCATALOG_COMPILER_LAUNCHIMAGE_NAME = LaunchImage;
				INFOPLIST_FILE = FieldwireImageSearch/Info.plist;
				IPHONEOS_DEPLOYMENT_TARGET = 8.4;
				LD_RUNPATH_SEARCH_PATHS = "$(inherited) @executable_path/Frameworks";
				PRODUCT_BUNDLE_IDENTIFIER = ALV.FieldwireImageSearch;
				PRODUCT_NAME = "$(TARGET_NAME)";
			};
			name = Release;
		};
/* End XCBuildConfiguration section */

/* Begin XCConfigurationList section */
		A35A6EF41BE2B1E0000834F3 /* Build configuration list for PBXProject "FieldwireImageSearch" */ = {
			isa = XCConfigurationList;
			buildConfigurations = (
				A35A6F0E1BE2B1E0000834F3 /* Debug */,
				A35A6F0F1BE2B1E0000834F3 /* Release */,
			);
			defaultConfigurationIsVisible = 0;
			defaultConfigurationName = Release;
		};
		A35A6F101BE2B1E0000834F3 /* Build configuration list for PBXNativeTarget "FieldwireImageSearch" */ = {
			isa = XCConfigurationList;
			buildConfigurations = (
				A35A6F111BE2B1E0000834F3 /* Debug */,
				A35A6F121BE2B1E0000834F3 /* Release */,
			);
			defaultConfigurationIsVisible = 0;
			defaultConfigurationName = Release;
		};
/* End XCConfigurationList section */
	};
	rootObject = A35A6EF11BE2B1E0000834F3 /* Project object */;
}
